
Microsoft Visual Studio Solution File, Format Version 12.00
# Visual Studio Version 17
VisualStudioVersion = 17.5.002.0
MinimumVisualStudioVersion = 10.0.40219.1
Project("{9A19103F-16F7-4668-BE54-9A1E7A4F7556}") = "TodoApi", "TodoApi.csproj", "{F3100D69-7863-4317-8569-B17BF4FBC999}"
EndProject
Global
	GlobalSection(SolutionConfigurationPlatforms) = preSolution
		Debug|Any CPU = Debug|Any CPU
		Release|Any CPU = Release|Any CPU
	EndGlobalSection
	GlobalSection(ProjectConfigurationPlatforms) = postSolution
		{F3100D69-7863-4317-8569-B17BF4FBC999}.Debug|Any CPU.ActiveCfg = Debug|Any CPU
		{F3100D69-7863-4317-8569-B17BF4FBC999}.Debug|Any CPU.Build.0 = Debug|Any CPU
		{F3100D69-7863-4317-8569-B17BF4FBC999}.Release|Any CPU.ActiveCfg = Release|Any CPU
		{F3100D69-7863-4317-8569-B17BF4FBC999}.Release|Any CPU.Build.0 = Release|Any CPU
	EndGlobalSection
	GlobalSection(SolutionProperties) = preSolution
		HideSolutionNode = FALSE
	EndGlobalSection
	GlobalSection(ExtensibilityGlobals) = postSolution
		SolutionGuid = {FFE864F7-3DA7-4C09-92F0-D795DA2D26EE}
	EndGlobalSection
EndGlobal
